
Microsoft Visual Studio Solution File, Format Version 11.00
# Visual Studio 2010
Project("{FAE04EC0-301F-11D3-BF4B-00C04F79EFBC}") = "V_Animation", "V_Animation.csproj", "{a9c56b8f-6bbc-7b34-f9c8-005c54a6041d}"
EndProject
Project("{FAE04EC0-301F-11D3-BF4B-00C04F79EFBC}") = "Assembly-CSharp", "Assembly-CSharp.csproj", "{bc9195f1-13b8-d068-3ace-12bee3bddda9}"
EndProject
Project("{FAE04EC0-301F-11D3-BF4B-00C04F79EFBC}") = "Assembly-CSharp-Editor-firstpass", "Assembly-CSharp-Editor-firstpass.csproj", "{4352d95e-7da8-b7e0-5fad-c0ac85746714}"
EndProject
Project("{FAE04EC0-301F-11D3-BF4B-00C04F79EFBC}") = "Assembly-CSharp-Editor", "Assembly-CSharp-Editor.csproj", "{d5c90308-7f2e-ed07-1367-db812b2cea1d}"
EndProject
Global
	GlobalSection(SolutionConfigurationPlatforms) = preSolution
		Debug|Any CPU = Debug|Any CPU
	EndGlobalSection
	GlobalSection(ProjectConfigurationPlatforms) = postSolution
		{a9c56b8f-6bbc-7b34-f9c8-005c54a6041d}.Debug|Any CPU.ActiveCfg = Debug|Any CPU
		{a9c56b8f-6bbc-7b34-f9c8-005c54a6041d}.Debug|Any CPU.Build.0 = Debug|Any CPU
		{bc9195f1-13b8-d068-3ace-12bee3bddda9}.Debug|Any CPU.ActiveCfg = Debug|Any CPU
		{bc9195f1-13b8-d068-3ace-12bee3bddda9}.Debug|Any CPU.Build.0 = Debug|Any CPU
		{4352d95e-7da8-b7e0-5fad-c0ac85746714}.Debug|Any CPU.ActiveCfg = Debug|Any CPU
		{4352d95e-7da8-b7e0-5fad-c0ac85746714}.Debug|Any CPU.Build.0 = Debug|Any CPU
		{d5c90308-7f2e-ed07-1367-db812b2cea1d}.Debug|Any CPU.ActiveCfg = Debug|Any CPU
		{d5c90308-7f2e-ed07-1367-db812b2cea1d}.Debug|Any CPU.Build.0 = Debug|Any CPU
	EndGlobalSection
	GlobalSection(SolutionProperties) = preSolution
		HideSolutionNode = FALSE
	EndGlobalSection
EndGlobal
